// !$*UTF8*$!
{
	archiveVersion = 1;
	classes = {
	};
	objectVersion = 46;
	objects = {

/* Begin PBXBuildFile section */
		18019BDE1C3B5D9700F6F679 /* EngineManager.m in Sources */ = {isa = PBXBuildFile; fileRef = 18019BDD1C3B5D9700F6F679 /* EngineManager.m */; };
		18151BB41C428AD9003279EA /* BookCell.m in Sources */ = {isa = PBXBuildFile; fileRef = 18151BB21C428AD9003279EA /* BookCell.m */; };
		18151BB51C428AD9003279EA /* BookCell.xib in Resources */ = {isa = PBXBuildFile; fileRef = 18151BB31C428AD9003279EA /* BookCell.xib */; };
		182205611C44CA5B005A47E2 /* DataManager.m in Sources */ = {isa = PBXBuildFile; fileRef = 182205601C44CA5B005A47E2 /* DataManager.m */; };
		182205641C44CB08005A47E2 /* BookCategoryModel.m in Sources */ = {isa = PBXBuildFile; fileRef = 182205631C44CB08005A47E2 /* BookCategoryModel.m */; };
		18367D141C453CEE002D3469 /* CategoryBooksViewController.m in Sources */ = {isa = PBXBuildFile; fileRef = 18367D131C453CEE002D3469 /* CategoryBooksViewController.m */; };
		183A04CC1C3A09C400DE7CDA /* DuanTianEngine.m in Sources */ = {isa = PBXBuildFile; fileRef = 183A04CB1C3A09C400DE7CDA /* DuanTianEngine.m */; };
		183A04CF1C3A0A0200DE7CDA /* BookEngine.m in Sources */ = {isa = PBXBuildFile; fileRef = 183A04CE1C3A0A0200DE7CDA /* BookEngine.m */; };
		185B39C11C438F130059FDC8 /* UIScrollView+SVInfiniteScrolling.m in Sources */ = {isa = PBXBuildFile; fileRef = 185B39BE1C438F130059FDC8 /* UIScrollView+SVInfiniteScrolling.m */; };
		185B39C21C438F130059FDC8 /* UIScrollView+SVPullToRefresh.m in Sources */ = {isa = PBXBuildFile; fileRef = 185B39C01C438F130059FDC8 /* UIScrollView+SVPullToRefresh.m */; };
		186A956C1C43DFC400CFB982 /* bookCityConfig.plist in Resources */ = {isa = PBXBuildFile; fileRef = 186A956B1C43DFC400CFB982 /* bookCityConfig.plist */; };
		186A956F1C43E15400CFB982 /* BookCityConfig.m in Sources */ = {isa = PBXBuildFile; fileRef = 186A956E1C43E15400CFB982 /* BookCityConfig.m */; };
		18B2C61E1C3D516A00506A84 /* NSString+OAURLEncodingAdditions.m in Sources */ = {isa = PBXBuildFile; fileRef = 18B2C61D1C3D516A00506A84 /* NSString+OAURLEncodingAdditions.m */; };
		18C0FD381C3BFADC002A7D45 /* BMActionManager+BookCity.m in Sources */ = {isa = PBXBuildFile; fileRef = 18C0FD371C3BFADC002A7D45 /* BMActionManager+BookCity.m */; };
		18C0FD3D1C3C005E002A7D45 /* DuanTianSessionManager.m in Sources */ = {isa = PBXBuildFile; fileRef = 18C0FD3C1C3C005E002A7D45 /* DuanTianSessionManager.m */; };
		18C0FD401C3C0537002A7D45 /* XiaoShuo7788Engine.m in Sources */ = {isa = PBXBuildFile; fileRef = 18C0FD3F1C3C0537002A7D45 /* XiaoShuo7788Engine.m */; };
		18C0FD431C3C062C002A7D45 /* XiaoShuo7788SessionManager.m in Sources */ = {isa = PBXBuildFile; fileRef = 18C0FD421C3C062C002A7D45 /* XiaoShuo7788SessionManager.m */; };
		18C0FD481C3C0A98002A7D45 /* SearchTableViewController.m in Sources */ = {isa = PBXBuildFile; fileRef = 18C0FD471C3C0A98002A7D45 /* SearchTableViewController.m */; };
		18DEABD51C3E13C600739E7F /* BookModel.m in Sources */ = {isa = PBXBuildFile; fileRef = 18DEABD41C3E13C600739E7F /* BookModel.m */; };
		834D80031C36AC21003A5366 /* main.m in Sources */ = {isa = PBXBuildFile; fileRef = 834D80021C36AC21003A5366 /* main.m */; };
		834D80061C36AC21003A5366 /* AppDelegate.m in Sources */ = {isa = PBXBuildFile; fileRef = 834D80051C36AC21003A5366 /* AppDelegate.m */; };
		834D800C1C36AC21003A5366 /* Main.storyboard in Resources */ = {isa = PBXBuildFile; fileRef = 834D800A1C36AC21003A5366 /* Main.storyboard */; };
		834D800E1C36AC21003A5366 /* Assets.xcassets in Resources */ = {isa = PBXBuildFile; fileRef = 834D800D1C36AC21003A5366 /* Assets.xcassets */; };
		834D80111C36AC21003A5366 /* LaunchScreen.storyboard in Resources */ = {isa = PBXBuildFile; fileRef = 834D800F1C36AC21003A5366 /* LaunchScreen.storyboard */; };
		834D80511C36AE94003A5366 /* MainTableViewController.m in Sources */ = {isa = PBXBuildFile; fileRef = 834D80501C36AE94003A5366 /* MainTableViewController.m */; };
		83981A211C37CFB00053B102 /* BMUIApplication.m in Sources */ = {isa = PBXBuildFile; fileRef = 83981A161C37CFB00053B102 /* BMUIApplication.m */; };
		83981A221C37CFB00053B102 /* BMBaseTabBarController.m in Sources */ = {isa = PBXBuildFile; fileRef = 83981A181C37CFB00053B102 /* BMBaseTabBarController.m */; };
		83981A231C37CFB00053B102 /* BMBaseTableViewCell.m in Sources */ = {isa = PBXBuildFile; fileRef = 83981A1A1C37CFB00053B102 /* BMBaseTableViewCell.m */; };
		83981A241C37CFB00053B102 /* BMBaseTableViewController.m in Sources */ = {isa = PBXBuildFile; fileRef = 83981A1C1C37CFB00053B102 /* BMBaseTableViewController.m */; };
		83981A251C37CFB00053B102 /* BMBaseView.m in Sources */ = {isa = PBXBuildFile; fileRef = 83981A1E1C37CFB00053B102 /* BMBaseView.m */; };
		83981A261C37CFB00053B102 /* BMBaseViewController.m in Sources */ = {isa = PBXBuildFile; fileRef = 83981A201C37CFB00053B102 /* BMBaseViewController.m */; };
		83981A731C37F02A0053B102 /* AFHTTPSessionManager.m in Sources */ = {isa = PBXBuildFile; fileRef = 83981A2D1C37F02A0053B102 /* AFHTTPSessionManager.m */; };
		83981A741C37F02A0053B102 /* AFNetworkReachabilityManager.m in Sources */ = {isa = PBXBuildFile; fileRef = 83981A301C37F02A0053B102 /* AFNetworkReachabilityManager.m */; };
		83981A751C37F02A0053B102 /* AFSecurityPolicy.m in Sources */ = {isa = PBXBuildFile; fileRef = 83981A321C37F02A0053B102 /* AFSecurityPolicy.m */; };
		83981A761C37F02A0053B102 /* AFURLRequestSerialization.m in Sources */ = {isa = PBXBuildFile; fileRef = 83981A341C37F02A0053B102 /* AFURLRequestSerialization.m */; };
		83981A771C37F02A0053B102 /* AFURLResponseSerialization.m in Sources */ = {isa = PBXBuildFile; fileRef = 83981A361C37F02A0053B102 /* AFURLResponseSerialization.m */; };
		83981A781C37F02A0053B102 /* AFURLSessionManager.m in Sources */ = {isa = PBXBuildFile; fileRef = 83981A381C37F02A0053B102 /* AFURLSessionManager.m */; };
		83981A791C37F02A0053B102 /* LICENSE in Resources */ = {isa = PBXBuildFile; fileRef = 83981A391C37F02A0053B102 /* LICENSE */; };
		83981A7A1C37F02A0053B102 /* README.md in Sources */ = {isa = PBXBuildFile; fileRef = 83981A3A1C37F02A0053B102 /* README.md */; };
		83981A7B1C37F02A0053B102 /* AFAutoPurgingImageCache.m in Sources */ = {isa = PBXBuildFile; fileRef = 83981A3D1C37F02A0053B102 /* AFAutoPurgingImageCache.m */; };
		83981A7C1C37F02A0053B102 /* AFImageDownloader.m in Sources */ = {isa = PBXBuildFile; fileRef = 83981A3F1C37F02A0053B102 /* AFImageDownloader.m */; };
		83981A7D1C37F02A0053B102 /* AFNetworkActivityIndicatorManager.m in Sources */ = {isa = PBXBuildFile; fileRef = 83981A411C37F02A0053B102 /* AFNetworkActivityIndicatorManager.m */; };
		83981A7E1C37F02A0053B102 /* UIActivityIndicatorView+AFNetworking.m in Sources */ = {isa = PBXBuildFile; fileRef = 83981A431C37F02A0053B102 /* UIActivityIndicatorView+AFNetworking.m */; };
		83981A7F1C37F02A0053B102 /* UIButton+AFNetworking.m in Sources */ = {isa = PBXBuildFile; fileRef = 83981A451C37F02A0053B102 /* UIButton+AFNetworking.m */; };
		83981A801C37F02A0053B102 /* UIImageView+AFNetworking.m in Sources */ = {isa = PBXBuildFile; fileRef = 83981A481C37F02A0053B102 /* UIImageView+AFNetworking.m */; };
		83981A811C37F02A0053B102 /* UIProgressView+AFNetworking.m in Sources */ = {isa = PBXBuildFile; fileRef = 83981A4B1C37F02A0053B102 /* UIProgressView+AFNetworking.m */; };
		83981A821C37F02A0053B102 /* UIRefreshControl+AFNetworking.m in Sources */ = {isa = PBXBuildFile; fileRef = 83981A4D1C37F02A0053B102 /* UIRefreshControl+AFNetworking.m */; };
		83981A831C37F02A0053B102 /* UIWebView+AFNetworking.m in Sources */ = {isa = PBXBuildFile; fileRef = 83981A4F1C37F02A0053B102 /* UIWebView+AFNetworking.m */; };
		83981A841C37F02A0053B102 /* LICENSE in Resources */ = {isa = PBXBuildFile; fileRef = 83981A511C37F02A0053B102 /* LICENSE */; };
		83981A851C37F02A0053B102 /* MBProgressHUD.m in Sources */ = {isa = PBXBuildFile; fileRef = 83981A531C37F02A0053B102 /* MBProgressHUD.m */; };
		83981A861C37F02A0053B102 /* README.mdown in Sources */ = {isa = PBXBuildFile; fileRef = 83981A541C37F02A0053B102 /* README.mdown */; };
		83981A871C37F02A0053B102 /* NSData+ImageContentType.m in Sources */ = {isa = PBXBuildFile; fileRef = 83981A571C37F02A0053B102 /* NSData+ImageContentType.m */; };
		83981A881C37F02A0053B102 /* SDImageCache.m in Sources */ = {isa = PBXBuildFile; fileRef = 83981A591C37F02A0053B102 /* SDImageCache.m */; };
		83981A891C37F02A0053B102 /* SDWebImageCompat.m in Sources */ = {isa = PBXBuildFile; fileRef = 83981A5B1C37F02A0053B102 /* SDWebImageCompat.m */; };
		83981A8A1C37F02A0053B102 /* SDWebImageDecoder.m in Sources */ = {isa = PBXBuildFile; fileRef = 83981A5D1C37F02A0053B102 /* SDWebImageDecoder.m */; };
		83981A8B1C37F02A0053B102 /* SDWebImageDownloader.m in Sources */ = {isa = PBXBuildFile; fileRef = 83981A5F1C37F02A0053B102 /* SDWebImageDownloader.m */; };
		83981A8C1C37F02A0053B102 /* SDWebImageDownloaderOperation.m in Sources */ = {isa = PBXBuildFile; fileRef = 83981A611C37F02A0053B102 /* SDWebImageDownloaderOperation.m */; };
		83981A8D1C37F02A0053B102 /* SDWebImageManager.m in Sources */ = {isa = PBXBuildFile; fileRef = 83981A631C37F02A0053B102 /* SDWebImageManager.m */; };
		83981A8E1C37F02A0053B102 /* SDWebImagePrefetcher.m in Sources */ = {isa = PBXBuildFile; fileRef = 83981A661C37F02A0053B102 /* SDWebImagePrefetcher.m */; };
		83981A8F1C37F02A0053B102 /* UIButton+WebCache.m in Sources */ = {isa = PBXBuildFile; fileRef = 83981A681C37F02A0053B102 /* UIButton+WebCache.m */; };
		83981A901C37F02A0053B102 /* UIImage+GIF.m in Sources */ = {isa = PBXBuildFile; fileRef = 83981A6A1C37F02A0053B102 /* UIImage+GIF.m */; };
		83981A911C37F02A0053B102 /* UIImage+MultiFormat.m in Sources */ = {isa = PBXBuildFile; fileRef = 83981A6C1C37F02A0053B102 /* UIImage+MultiFormat.m */; };
		83981A921C37F02A0053B102 /* UIImageView+HighlightedWebCache.m in Sources */ = {isa = PBXBuildFile; fileRef = 83981A6E1C37F02A0053B102 /* UIImageView+HighlightedWebCache.m */; };
		83981A931C37F02A0053B102 /* UIImageView+WebCache.m in Sources */ = {isa = PBXBuildFile; fileRef = 83981A701C37F02A0053B102 /* UIImageView+WebCache.m */; };
		83981A941C37F02A0053B102 /* UIView+WebCacheOperation.m in Sources */ = {isa = PBXBuildFile; fileRef = 83981A721C37F02A0053B102 /* UIView+WebCacheOperation.m */; };
		83981A981C38167D0053B102 /* BookAction.m in Sources */ = {isa = PBXBuildFile; fileRef = 83981A971C38167D0053B102 /* BookAction.m */; };
		83A0DDAE1C37707F00F7C663 /* NSMutableDictionary+XSDic.m in Sources */ = {isa = PBXBuildFile; fileRef = 83A0DD921C37707F00F7C663 /* NSMutableDictionary+XSDic.m */; };
		83A0DDAF1C37707F00F7C663 /* NSObject+BMNotification.m in Sources */ = {isa = PBXBuildFile; fileRef = 83A0DD951C37707F00F7C663 /* NSObject+BMNotification.m */; };
		83A0DDB01C37707F00F7C663 /* NSObject+BMProperty.m in Sources */ = {isa = PBXBuildFile; fileRef = 83A0DD971C37707F00F7C663 /* NSObject+BMProperty.m */; };
		83A0DDB11C37707F00F7C663 /* BMBaseParam.m in Sources */ = {isa = PBXBuildFile; fileRef = 83A0DD9F1C37707F00F7C663 /* BMBaseParam.m */; };
		83A0DDB21C37707F00F7C663 /* BMActionManager.m in Sources */ = {isa = PBXBuildFile; fileRef = 83A0DDA21C37707F00F7C663 /* BMActionManager.m */; };
		83A0DDB31C37707F00F7C663 /* BMContext.m in Sources */ = {isa = PBXBuildFile; fileRef = 83A0DDA41C37707F00F7C663 /* BMContext.m */; };
		83A0DDB41C37707F00F7C663 /* BMAppManager.m in Sources */ = {isa = PBXBuildFile; fileRef = 83A0DDA71C37707F00F7C663 /* BMAppManager.m */; };
		83A0DDB51C37707F00F7C663 /* BMBaseAction.m in Sources */ = {isa = PBXBuildFile; fileRef = 83A0DDA91C37707F00F7C663 /* BMBaseAction.m */; };
		83A0DDB61C37707F00F7C663 /* BMControl.m in Sources */ = {isa = PBXBuildFile; fileRef = 83A0DDAB1C37707F00F7C663 /* BMControl.m */; };
		83A0DDBF1C377EDF00F7C663 /* ServiceInspector_Border.m in Sources */ = {isa = PBXBuildFile; fileRef = 83A0DDBA1C377EDF00F7C663 /* ServiceInspector_Border.m */; };
		83A0DDC01C377EDF00F7C663 /* ServiceInspector_Indicator.m in Sources */ = {isa = PBXBuildFile; fileRef = 83A0DDBC1C377EDF00F7C663 /* ServiceInspector_Indicator.m */; };
		83A0DDC11C377EDF00F7C663 /* ServiceInspector_WindowHook.m in Sources */ = {isa = PBXBuildFile; fileRef = 83A0DDBE1C377EDF00F7C663 /* ServiceInspector_WindowHook.m */; };
/* End PBXBuildFile section */

/* Begin PBXFileReference section */
		18019BDC1C3B5D9700F6F679 /* EngineManager.h */ = {isa = PBXFileReference; fileEncoding = 4; lastKnownFileType = sourcecode.c.h; path = EngineManager.h; sourceTree = "<group>"; };
		18019BDD1C3B5D9700F6F679 /* EngineManager.m */ = {isa = PBXFileReference; fileEncoding = 4; lastKnownFileType = sourcecode.c.objc; path = EngineManager.m; sourceTree = "<group>"; };
		18151BB11C428AD9003279EA /* BookCell.h */ = {isa = PBXFileReference; fileEncoding = 4; lastKnownFileType = sourcecode.c.h; path = BookCell.h; sourceTree = "<group>"; };
		18151BB21C428AD9003279EA /* BookCell.m */ = {isa = PBXFileReference; fileEncoding = 4; lastKnownFileType = sourcecode.c.objc; path = BookCell.m; sourceTree = "<group>"; };
		18151BB31C428AD9003279EA /* BookCell.xib */ = {isa = PBXFileReference; fileEncoding = 4; lastKnownFileType = file.xib; path = BookCell.xib; sourceTree = "<group>"; };
		1822055F1C44CA5B005A47E2 /* DataManager.h */ = {isa = PBXFileReference; fileEncoding = 4; lastKnownFileType = sourcecode.c.h; path = DataManager.h; sourceTree = "<group>"; };
		182205601C44CA5B005A47E2 /* DataManager.m */ = {isa = PBXFileReference; fileEncoding = 4; lastKnownFileType = sourcecode.c.objc; path = DataManager.m; sourceTree = "<group>"; };
		182205621C44CB08005A47E2 /* BookCategoryModel.h */ = {isa = PBXFileReference; fileEncoding = 4; lastKnownFileType = sourcecode.c.h; path = BookCategoryModel.h; sourceTree = "<group>"; };
		182205631C44CB08005A47E2 /* BookCategoryModel.m */ = {isa = PBXFileReference; fileEncoding = 4; lastKnownFileType = sourcecode.c.objc; path = BookCategoryModel.m; sourceTree = "<group>"; };
		18367D121C453CEE002D3469 /* CategoryBooksViewController.h */ = {isa = PBXFileReference; fileEncoding = 4; lastKnownFileType = sourcecode.c.h; path = CategoryBooksViewController.h; sourceTree = "<group>"; };
		18367D131C453CEE002D3469 /* CategoryBooksViewController.m */ = {isa = PBXFileReference; fileEncoding = 4; lastKnownFileType = sourcecode.c.objc; path = CategoryBooksViewController.m; sourceTree = "<group>"; };
		183A04CA1C3A09C400DE7CDA /* DuanTianEngine.h */ = {isa = PBXFileReference; fileEncoding = 4; lastKnownFileType = sourcecode.c.h; path = DuanTianEngine.h; sourceTree = "<group>"; };
		183A04CB1C3A09C400DE7CDA /* DuanTianEngine.m */ = {isa = PBXFileReference; fileEncoding = 4; lastKnownFileType = sourcecode.c.objc; path = DuanTianEngine.m; sourceTree = "<group>"; };
		183A04CD1C3A0A0200DE7CDA /* BookEngine.h */ = {isa = PBXFileReference; fileEncoding = 4; lastKnownFileType = sourcecode.c.h; path = BookEngine.h; sourceTree = "<group>"; };
		183A04CE1C3A0A0200DE7CDA /* BookEngine.m */ = {isa = PBXFileReference; fileEncoding = 4; lastKnownFileType = sourcecode.c.objc; path = BookEngine.m; sourceTree = "<group>"; };
		185B39BC1C438F130059FDC8 /* SVPullToRefresh.h */ = {isa = PBXFileReference; fileEncoding = 4; lastKnownFileType = sourcecode.c.h; path = SVPullToRefresh.h; sourceTree = "<group>"; };
		185B39BD1C438F130059FDC8 /* UIScrollView+SVInfiniteScrolling.h */ = {isa = PBXFileReference; fileEncoding = 4; lastKnownFileType = sourcecode.c.h; path = "UIScrollView+SVInfiniteScrolling.h"; sourceTree = "<group>"; };
		185B39BE1C438F130059FDC8 /* UIScrollView+SVInfiniteScrolling.m */ = {isa = PBXFileReference; fileEncoding = 4; lastKnownFileType = sourcecode.c.objc; path = "UIScrollView+SVInfiniteScrolling.m"; sourceTree = "<group>"; };
		185B39BF1C438F130059FDC8 /* UIScrollView+SVPullToRefresh.h */ = {isa = PBXFileReference; fileEncoding = 4; lastKnownFileType = sourcecode.c.h; path = "UIScrollView+SVPullToRefresh.h"; sourceTree = "<group>"; };
		185B39C01C438F130059FDC8 /* UIScrollView+SVPullToRefresh.m */ = {isa = PBXFileReference; fileEncoding = 4; lastKnownFileType = sourcecode.c.objc; path = "UIScrollView+SVPullToRefresh.m"; sourceTree = "<group>"; };
		186A956B1C43DFC400CFB982 /* bookCityConfig.plist */ = {isa = PBXFileReference; fileEncoding = 4; lastKnownFileType = text.plist.xml; path = bookCityConfig.plist; sourceTree = "<group>"; };
		186A956D1C43E15400CFB982 /* BookCityConfig.h */ = {isa = PBXFileReference; fileEncoding = 4; lastKnownFileType = sourcecode.c.h; path = BookCityConfig.h; sourceTree = "<group>"; };
		186A956E1C43E15400CFB982 /* BookCityConfig.m */ = {isa = PBXFileReference; fileEncoding = 4; lastKnownFileType = sourcecode.c.objc; path = BookCityConfig.m; sourceTree = "<group>"; };
		18B2C61C1C3D516A00506A84 /* NSString+OAURLEncodingAdditions.h */ = {isa = PBXFileReference; fileEncoding = 4; lastKnownFileType = sourcecode.c.h; path = "NSString+OAURLEncodingAdditions.h"; sourceTree = "<group>"; };
		18B2C61D1C3D516A00506A84 /* NSString+OAURLEncodingAdditions.m */ = {isa = PBXFileReference; fileEncoding = 4; lastKnownFileType = sourcecode.c.objc; path = "NSString+OAURLEncodingAdditions.m"; sourceTree = "<group>"; };
		18C0FD361C3BFADC002A7D45 /* BMActionManager+BookCity.h */ = {isa = PBXFileReference; fileEncoding = 4; lastKnownFileType = sourcecode.c.h; path = "BMActionManager+BookCity.h"; sourceTree = "<group>"; };
		18C0FD371C3BFADC002A7D45 /* BMActionManager+BookCity.m */ = {isa = PBXFileReference; fileEncoding = 4; lastKnownFileType = sourcecode.c.objc; path = "BMActionManager+BookCity.m"; sourceTree = "<group>"; };
		18C0FD391C3BFC60002A7D45 /* PrefixHeader.pch */ = {isa = PBXFileReference; lastKnownFileType = sourcecode.c.h; path = PrefixHeader.pch; sourceTree = "<group>"; };
		18C0FD3A1C3BFCBD002A7D45 /* DefineHeader.h */ = {isa = PBXFileReference; lastKnownFileType = sourcecode.c.h; path = DefineHeader.h; sourceTree = "<group>"; };
		18C0FD3B1C3C005E002A7D45 /* DuanTianSessionManager.h */ = {isa = PBXFileReference; fileEncoding = 4; lastKnownFileType = sourcecode.c.h; path = DuanTianSessionManager.h; sourceTree = "<group>"; };
		18C0FD3C1C3C005E002A7D45 /* DuanTianSessionManager.m */ = {isa = PBXFileReference; fileEncoding = 4; lastKnownFileType = sourcecode.c.objc; path = DuanTianSessionManager.m; sourceTree = "<group>"; };
		18C0FD3E1C3C0537002A7D45 /* XiaoShuo7788Engine.h */ = {isa = PBXFileReference; fileEncoding = 4; lastKnownFileType = sourcecode.c.h; path = XiaoShuo7788Engine.h; sourceTree = "<group>"; };
		18C0FD3F1C3C0537002A7D45 /* XiaoShuo7788Engine.m */ = {isa = PBXFileReference; fileEncoding = 4; lastKnownFileType = sourcecode.c.objc; path = XiaoShuo7788Engine.m; sourceTree = "<group>"; };
		18C0FD411C3C062C002A7D45 /* XiaoShuo7788SessionManager.h */ = {isa = PBXFileReference; fileEncoding = 4; lastKnownFileType = sourcecode.c.h; path = XiaoShuo7788SessionManager.h; sourceTree = "<group>"; };
		18C0FD421C3C062C002A7D45 /* XiaoShuo7788SessionManager.m */ = {isa = PBXFileReference; fileEncoding = 4; lastKnownFileType = sourcecode.c.objc; path = XiaoShuo7788SessionManager.m; sourceTree = "<group>"; };
		18C0FD461C3C0A98002A7D45 /* SearchTableViewController.h */ = {isa = PBXFileReference; fileEncoding = 4; lastKnownFileType = sourcecode.c.h; path = SearchTableViewController.h; sourceTree = "<group>"; };
		18C0FD471C3C0A98002A7D45 /* SearchTableViewController.m */ = {isa = PBXFileReference; fileEncoding = 4; lastKnownFileType = sourcecode.c.objc; path = SearchTableViewController.m; sourceTree = "<group>"; };
		18DEABD31C3E13C600739E7F /* BookModel.h */ = {isa = PBXFileReference; fileEncoding = 4; lastKnownFileType = sourcecode.c.h; path = BookModel.h; sourceTree = "<group>"; };
		18DEABD41C3E13C600739E7F /* BookModel.m */ = {isa = PBXFileReference; fileEncoding = 4; lastKnownFileType = sourcecode.c.objc; path = BookModel.m; sourceTree = "<group>"; };
		834D7FFE1C36AC21003A5366 /* BookCity.app */ = {isa = PBXFileReference; explicitFileType = wrapper.application; includeInIndex = 0; path = BookCity.app; sourceTree = BUILT_PRODUCTS_DIR; };
		834D80021C36AC21003A5366 /* main.m */ = {isa = PBXFileReference; lastKnownFileType = sourcecode.c.objc; path = main.m; sourceTree = "<group>"; };
		834D80041C36AC21003A5366 /* AppDelegate.h */ = {isa = PBXFileReference; lastKnownFileType = sourcecode.c.h; path = AppDelegate.h; sourceTree = "<group>"; };
		834D80051C36AC21003A5366 /* AppDelegate.m */ = {isa = PBXFileReference; lastKnownFileType = sourcecode.c.objc; path = AppDelegate.m; sourceTree = "<group>"; };
		834D800B1C36AC21003A5366 /* Base */ = {isa = PBXFileReference; lastKnownFileType = file.storyboard; name = Base; path = Base.lproj/Main.storyboard; sourceTree = "<group>"; };
		834D800D1C36AC21003A5366 /* Assets.xcassets */ = {isa = PBXFileReference; lastKnownFileType = folder.assetcatalog; path = Assets.xcassets; sourceTree = "<group>"; };
		834D80101C36AC21003A5366 /* Base */ = {isa = PBXFileReference; lastKnownFileType = file.storyboard; name = Base; path = Base.lproj/LaunchScreen.storyboard; sourceTree = "<group>"; };
		834D80121C36AC21003A5366 /* Info.plist */ = {isa = PBXFileReference; lastKnownFileType = text.plist.xml; path = Info.plist; sourceTree = "<group>"; };
		834D804F1C36AE94003A5366 /* MainTableViewController.h */ = {isa = PBXFileReference; fileEncoding = 4; lastKnownFileType = sourcecode.c.h; path = MainTableViewController.h; sourceTree = "<group>"; };
		834D80501C36AE94003A5366 /* MainTableViewController.m */ = {isa = PBXFileReference; fileEncoding = 4; lastKnownFileType = sourcecode.c.objc; path = MainTableViewController.m; sourceTree = "<group>"; };
		83981A121C37CF0D0053B102 /* BMFramework.h */ = {isa = PBXFileReference; lastKnownFileType = sourcecode.c.h; path = BMFramework.h; sourceTree = "<group>"; };
		83981A151C37CFB00053B102 /* BMUIApplication.h */ = {isa = PBXFileReference; fileEncoding = 4; lastKnownFileType = sourcecode.c.h; path = BMUIApplication.h; sourceTree = "<group>"; };
		83981A161C37CFB00053B102 /* BMUIApplication.m */ = {isa = PBXFileReference; fileEncoding = 4; lastKnownFileType = sourcecode.c.objc; path = BMUIApplication.m; sourceTree = "<group>"; };
		83981A171C37CFB00053B102 /* BMBaseTabBarController.h */ = {isa = PBXFileReference; fileEncoding = 4; lastKnownFileType = sourcecode.c.h; path = BMBaseTabBarController.h; sourceTree = "<group>"; };
		83981A181C37CFB00053B102 /* BMBaseTabBarController.m */ = {isa = PBXFileReference; fileEncoding = 4; lastKnownFileType = sourcecode.c.objc; path = BMBaseTabBarController.m; sourceTree = "<group>"; };
		83981A191C37CFB00053B102 /* BMBaseTableViewCell.h */ = {isa = PBXFileReference; fileEncoding = 4; lastKnownFileType = sourcecode.c.h; path = BMBaseTableViewCell.h; sourceTree = "<group>"; };
		83981A1A1C37CFB00053B102 /* BMBaseTableViewCell.m */ = {isa = PBXFileReference; fileEncoding = 4; lastKnownFileType = sourcecode.c.objc; path = BMBaseTableViewCell.m; sourceTree = "<group>"; };
		83981A1B1C37CFB00053B102 /* BMBaseTableViewController.h */ = {isa = PBXFileReference; fileEncoding = 4; lastKnownFileType = sourcecode.c.h; path = BMBaseTableViewController.h; sourceTree = "<group>"; };
		83981A1C1C37CFB00053B102 /* BMBaseTableViewController.m */ = {isa = PBXFileReference; fileEncoding = 4; lastKnownFileType = sourcecode.c.objc; path = BMBaseTableViewController.m; sourceTree = "<group>"; };
		83981A1D1C37CFB00053B102 /* BMBaseView.h */ = {isa = PBXFileReference; fileEncoding = 4; lastKnownFileType = sourcecode.c.h; path = BMBaseView.h; sourceTree = "<group>"; };
		83981A1E1C37CFB00053B102 /* BMBaseView.m */ = {isa = PBXFileReference; fileEncoding = 4; lastKnownFileType = sourcecode.c.objc; path = BMBaseView.m; sourceTree = "<group>"; };
		83981A1F1C37CFB00053B102 /* BMBaseViewController.h */ = {isa = PBXFileReference; fileEncoding = 4; lastKnownFileType = sourcecode.c.h; path = BMBaseViewController.h; sourceTree = "<group>"; };
		83981A201C37CFB00053B102 /* BMBaseViewController.m */ = {isa = PBXFileReference; fileEncoding = 4; lastKnownFileType = sourcecode.c.objc; path = BMBaseViewController.m; sourceTree = "<group>"; };
		83981A2C1C37F02A0053B102 /* AFHTTPSessionManager.h */ = {isa = PBXFileReference; fileEncoding = 4; lastKnownFileType = sourcecode.c.h; path = AFHTTPSessionManager.h; sourceTree = "<group>"; };
		83981A2D1C37F02A0053B102 /* AFHTTPSessionManager.m */ = {isa = PBXFileReference; fileEncoding = 4; lastKnownFileType = sourcecode.c.objc; path = AFHTTPSessionManager.m; sourceTree = "<group>"; };
		83981A2E1C37F02A0053B102 /* AFNetworking.h */ = {isa = PBXFileReference; fileEncoding = 4; lastKnownFileType = sourcecode.c.h; path = AFNetworking.h; sourceTree = "<group>"; };
		83981A2F1C37F02A0053B102 /* AFNetworkReachabilityManager.h */ = {isa = PBXFileReference; fileEncoding = 4; lastKnownFileType = sourcecode.c.h; path = AFNetworkReachabilityManager.h; sourceTree = "<group>"; };
		83981A301C37F02A0053B102 /* AFNetworkReachabilityManager.m */ = {isa = PBXFileReference; fileEncoding = 4; lastKnownFileType = sourcecode.c.objc; path = AFNetworkReachabilityManager.m; sourceTree = "<group>"; };
		83981A311C37F02A0053B102 /* AFSecurityPolicy.h */ = {isa = PBXFileReference; fileEncoding = 4; lastKnownFileType = sourcecode.c.h; path = AFSecurityPolicy.h; sourceTree = "<group>"; };
		83981A321C37F02A0053B102 /* AFSecurityPolicy.m */ = {isa = PBXFileReference; fileEncoding = 4; lastKnownFileType = sourcecode.c.objc; path = AFSecurityPolicy.m; sourceTree = "<group>"; };
		83981A331C37F02A0053B102 /* AFURLRequestSerialization.h */ = {isa = PBXFileReference; fileEncoding = 4; lastKnownFileType = sourcecode.c.h; path = AFURLRequestSerialization.h; sourceTree = "<group>"; };
		83981A341C37F02A0053B102 /* AFURLRequestSerialization.m */ = {isa = PBXFileReference; fileEncoding = 4; lastKnownFileType = sourcecode.c.objc; path = AFURLRequestSerialization.m; sourceTree = "<group>"; };
		83981A351C37F02A0053B102 /* AFURLResponseSerialization.h */ = {isa = PBXFileReference; fileEncoding = 4; lastKnownFileType = sourcecode.c.h; path = AFURLResponseSerialization.h; sourceTree = "<group>"; };
		83981A361C37F02A0053B102 /* AFURLResponseSerialization.m */ = {isa = PBXFileReference; fileEncoding = 4; lastKnownFileType = sourcecode.c.objc; path = AFURLResponseSerialization.m; sourceTree = "<group>"; };
		83981A371C37F02A0053B102 /* AFURLSessionManager.h */ = {isa = PBXFileReference; fileEncoding = 4; lastKnownFileType = sourcecode.c.h; path = AFURLSessionManager.h; sourceTree = "<group>"; };
		83981A381C37F02A0053B102 /* AFURLSessionManager.m */ = {isa = PBXFileReference; fileEncoding = 4; lastKnownFileType = sourcecode.c.objc; path = AFURLSessionManager.m; sourceTree = "<group>"; };
		83981A391C37F02A0053B102 /* LICENSE */ = {isa = PBXFileReference; fileEncoding = 4; lastKnownFileType = text; path = LICENSE; sourceTree = "<group>"; };
		83981A3A1C37F02A0053B102 /* README.md */ = {isa = PBXFileReference; fileEncoding = 4; lastKnownFileType = net.daringfireball.markdown; path = README.md; sourceTree = "<group>"; };
		83981A3C1C37F02A0053B102 /* AFAutoPurgingImageCache.h */ = {isa = PBXFileReference; fileEncoding = 4; lastKnownFileType = sourcecode.c.h; path = AFAutoPurgingImageCache.h; sourceTree = "<group>"; };
		83981A3D1C37F02A0053B102 /* AFAutoPurgingImageCache.m */ = {isa = PBXFileReference; fileEncoding = 4; lastKnownFileType = sourcecode.c.objc; path = AFAutoPurgingImageCache.m; sourceTree = "<group>"; };
		83981A3E1C37F02A0053B102 /* AFImageDownloader.h */ = {isa = PBXFileReference; fileEncoding = 4; lastKnownFileType = sourcecode.c.h; path = AFImageDownloader.h; sourceTree = "<group>"; };
		83981A3F1C37F02A0053B102 /* AFImageDownloader.m */ = {isa = PBXFileReference; fileEncoding = 4; lastKnownFileType = sourcecode.c.objc; path = AFImageDownloader.m; sourceTree = "<group>"; };
		83981A401C37F02A0053B102 /* AFNetworkActivityIndicatorManager.h */ = {isa = PBXFileReference; fileEncoding = 4; lastKnownFileType = sourcecode.c.h; path = AFNetworkActivityIndicatorManager.h; sourceTree = "<group>"; };
		83981A411C37F02A0053B102 /* AFNetworkActivityIndicatorManager.m */ = {isa = PBXFileReference; fileEncoding = 4; lastKnownFileType = sourcecode.c.objc; path = AFNetworkActivityIndicatorManager.m; sourceTree = "<group>"; };
		83981A421C37F02A0053B102 /* UIActivityIndicatorView+AFNetworking.h */ = {isa = PBXFileReference; fileEncoding = 4; lastKnownFileType = sourcecode.c.h; path = "UIActivityIndicatorView+AFNetworking.h"; sourceTree = "<group>"; };
		83981A431C37F02A0053B102 /* UIActivityIndicatorView+AFNetworking.m */ = {isa = PBXFileReference; fileEncoding = 4; lastKnownFileType = sourcecode.c.objc; path = "UIActivityIndicatorView+AFNetworking.m"; sourceTree = "<group>"; };
		83981A441C37F02A0053B102 /* UIButton+AFNetworking.h */ = {isa = PBXFileReference; fileEncoding = 4; lastKnownFileType = sourcecode.c.h; path = "UIButton+AFNetworking.h"; sourceTree = "<group>"; };
		83981A451C37F02A0053B102 /* UIButton+AFNetworking.m */ = {isa = PBXFileReference; fileEncoding = 4; lastKnownFileType = sourcecode.c.objc; path = "UIButton+AFNetworking.m"; sourceTree = "<group>"; };
		83981A461C37F02A0053B102 /* UIImage+AFNetworking.h */ = {isa = PBXFileReference; fileEncoding = 4; lastKnownFileType = sourcecode.c.h; path = "UIImage+AFNetworking.h"; sourceTree = "<group>"; };
		83981A471C37F02A0053B102 /* UIImageView+AFNetworking.h */ = {isa = PBXFileReference; fileEncoding = 4; lastKnownFileType = sourcecode.c.h; path = "UIImageView+AFNetworking.h"; sourceTree = "<group>"; };
		83981A481C37F02A0053B102 /* UIImageView+AFNetworking.m */ = {isa = PBXFileReference; fileEncoding = 4; lastKnownFileType = sourcecode.c.objc; path = "UIImageView+AFNetworking.m"; sourceTree = "<group>"; };
		83981A491C37F02A0053B102 /* UIKit+AFNetworking.h */ = {isa = PBXFileReference; fileEncoding = 4; lastKnownFileType = sourcecode.c.h; path = "UIKit+AFNetworking.h"; sourceTree = "<group>"; };
		83981A4A1C37F02A0053B102 /* UIProgressView+AFNetworking.h */ = {isa = PBXFileReference; fileEncoding = 4; lastKnownFileType = sourcecode.c.h; path = "UIProgressView+AFNetworking.h"; sourceTree = "<group>"; };
		83981A4B1C37F02A0053B102 /* UIProgressView+AFNetworking.m */ = {isa = PBXFileReference; fileEncoding = 4; lastKnownFileType = sourcecode.c.objc; path = "UIProgressView+AFNetworking.m"; sourceTree = "<group>"; };
		83981A4C1C37F02A0053B102 /* UIRefreshControl+AFNetworking.h */ = {isa = PBXFileReference; fileEncoding = 4; lastKnownFileType = sourcecode.c.h; path = "UIRefreshControl+AFNetworking.h"; sourceTree = "<group>"; };
		83981A4D1C37F02A0053B102 /* UIRefreshControl+AFNetworking.m */ = {isa = PBXFileReference; fileEncoding = 4; lastKnownFileType = sourcecode.c.objc; path = "UIRefreshControl+AFNetworking.m"; sourceTree = "<group>"; };
		83981A4E1C37F02A0053B102 /* UIWebView+AFNetworking.h */ = {isa = PBXFileReference; fileEncoding = 4; lastKnownFileType = sourcecode.c.h; path = "UIWebView+AFNetworking.h"; sourceTree = "<group>"; };
		83981A4F1C37F02A0053B102 /* UIWebView+AFNetworking.m */ = {isa = PBXFileReference; fileEncoding = 4; lastKnownFileType = sourcecode.c.objc; path = "UIWebView+AFNetworking.m"; sourceTree = "<group>"; };
		83981A511C37F02A0053B102 /* LICENSE */ = {isa = PBXFileReference; fileEncoding = 4; lastKnownFileType = text; path = LICENSE; sourceTree = "<group>"; };
		83981A521C37F02A0053B102 /* MBProgressHUD.h */ = {isa = PBXFileReference; fileEncoding = 4; lastKnownFileType = sourcecode.c.h; path = MBProgressHUD.h; sourceTree = "<group>"; };
		83981A531C37F02A0053B102 /* MBProgressHUD.m */ = {isa = PBXFileReference; fileEncoding = 4; lastKnownFileType = sourcecode.c.objc; path = MBProgressHUD.m; sourceTree = "<group>"; };
		83981A541C37F02A0053B102 /* README.mdown */ = {isa = PBXFileReference; fileEncoding = 4; lastKnownFileType = net.daringfireball.markdown; path = README.mdown; sourceTree = "<group>"; };
		83981A561C37F02A0053B102 /* NSData+ImageContentType.h */ = {isa = PBXFileReference; fileEncoding = 4; lastKnownFileType = sourcecode.c.h; path = "NSData+ImageContentType.h"; sourceTree = "<group>"; };
		83981A571C37F02A0053B102 /* NSData+ImageContentType.m */ = {isa = PBXFileReference; fileEncoding = 4; lastKnownFileType = sourcecode.c.objc; path = "NSData+ImageContentType.m"; sourceTree = "<group>"; };
		83981A581C37F02A0053B102 /* SDImageCache.h */ = {isa = PBXFileReference; fileEncoding = 4; lastKnownFileType = sourcecode.c.h; path = SDImageCache.h; sourceTree = "<group>"; };
		83981A591C37F02A0053B102 /* SDImageCache.m */ = {isa = PBXFileReference; fileEncoding = 4; lastKnownFileType = sourcecode.c.objc; path = SDImageCache.m; sourceTree = "<group>"; };
		83981A5A1C37F02A0053B102 /* SDWebImageCompat.h */ = {isa = PBXFileReference; fileEncoding = 4; lastKnownFileType = sourcecode.c.h; path = SDWebImageCompat.h; sourceTree = "<group>"; };
		83981A5B1C37F02A0053B102 /* SDWebImageCompat.m */ = {isa = PBXFileReference; fileEncoding = 4; lastKnownFileType = sourcecode.c.objc; path = SDWebImageCompat.m; sourceTree = "<group>"; };
		83981A5C1C37F02A0053B102 /* SDWebImageDecoder.h */ = {isa = PBXFileReference; fileEncoding = 4; lastKnownFileType = sourcecode.c.h; path = SDWebImageDecoder.h; sourceTree = "<group>"; };
		83981A5D1C37F02A0053B102 /* SDWebImageDecoder.m */ = {isa = PBXFileReference; fileEncoding = 4; lastKnownFileType = sourcecode.c.objc; path = SDWebImageDecoder.m; sourceTree = "<group>"; };
		83981A5E1C37F02A0053B102 /* SDWebImageDownloader.h */ = {isa = PBXFileReference; fileEncoding = 4; lastKnownFileType = sourcecode.c.h; path = SDWebImageDownloader.h; sourceTree = "<group>"; };
		83981A5F1C37F02A0053B102 /* SDWebImageDownloader.m */ = {isa = PBXFileReference; fileEncoding = 4; lastKnownFileType = sourcecode.c.objc; path = SDWebImageDownloader.m; sourceTree = "<group>"; };
		83981A601C37F02A0053B102 /* SDWebImageDownloaderOperation.h */ = {isa = PBXFileReference; fileEncoding = 4; lastKnownFileType = sourcecode.c.h; path = SDWebImageDownloaderOperation.h; sourceTree = "<group>"; };
		83981A611C37F02A0053B102 /* SDWebImageDownloaderOperation.m */ = {isa = PBXFileReference; fileEncoding = 4; lastKnownFileType = sourcecode.c.objc; path = SDWebImageDownloaderOperation.m; sourceTree = "<group>"; };
		83981A621C37F02A0053B102 /* SDWebImageManager.h */ = {isa = PBXFileReference; fileEncoding = 4; lastKnownFileType = sourcecode.c.h; path = SDWebImageManager.h; sourceTree = "<group>"; };
		83981A631C37F02A0053B102 /* SDWebImageManager.m */ = {isa = PBXFileReference; fileEncoding = 4; lastKnownFileType = sourcecode.c.objc; path = SDWebImageManager.m; sourceTree = "<group>"; };
		83981A641C37F02A0053B102 /* SDWebImageOperation.h */ = {isa = PBXFileReference; fileEncoding = 4; lastKnownFileType = sourcecode.c.h; path = SDWebImageOperation.h; sourceTree = "<group>"; };
		83981A651C37F02A0053B102 /* SDWebImagePrefetcher.h */ = {isa = PBXFileReference; fileEncoding = 4; lastKnownFileType = sourcecode.c.h; path = SDWebImagePrefetcher.h; sourceTree = "<group>"; };
		83981A661C37F02A0053B102 /* SDWebImagePrefetcher.m */ = {isa = PBXFileReference; fileEncoding = 4; lastKnownFileType = sourcecode.c.objc; path = SDWebImagePrefetcher.m; sourceTree = "<group>"; };
		83981A671C37F02A0053B102 /* UIButton+WebCache.h */ = {isa = PBXFileReference; fileEncoding = 4; lastKnownFileType = sourcecode.c.h; path = "UIButton+WebCache.h"; sourceTree = "<group>"; };
		83981A681C37F02A0053B102 /* UIButton+WebCache.m */ = {isa = PBXFileReference; fileEncoding = 4; lastKnownFileType = sourcecode.c.objc; path = "UIButton+WebCache.m"; sourceTree = "<group>"; };
		83981A691C37F02A0053B102 /* UIImage+GIF.h */ = {isa = PBXFileReference; fileEncoding = 4; lastKnownFileType = sourcecode.c.h; path = "UIImage+GIF.h"; sourceTree = "<group>"; };
		83981A6A1C37F02A0053B102 /* UIImage+GIF.m */ = {isa = PBXFileReference; fileEncoding = 4; lastKnownFileType = sourcecode.c.objc; path = "UIImage+GIF.m"; sourceTree = "<group>"; };
		83981A6B1C37F02A0053B102 /* UIImage+MultiFormat.h */ = {isa = PBXFileReference; fileEncoding = 4; lastKnownFileType = sourcecode.c.h; path = "UIImage+MultiFormat.h"; sourceTree = "<group>"; };
		83981A6C1C37F02A0053B102 /* UIImage+MultiFormat.m */ = {isa = PBXFileReference; fileEncoding = 4; lastKnownFileType = sourcecode.c.objc; path = "UIImage+MultiFormat.m"; sourceTree = "<group>"; };
		83981A6D1C37F02A0053B102 /* UIImageView+HighlightedWebCache.h */ = {isa = PBXFileReference; fileEncoding = 4; lastKnownFileType = sourcecode.c.h; path = "UIImageView+HighlightedWebCache.h"; sourceTree = "<group>"; };
		83981A6E1C37F02A0053B102 /* UIImageView+HighlightedWebCache.m */ = {isa = PBXFileReference; fileEncoding = 4; lastKnownFileType = sourcecode.c.objc; path = "UIImageView+HighlightedWebCache.m"; sourceTree = "<group>"; };
		83981A6F1C37F02A0053B102 /* UIImageView+WebCache.h */ = {isa = PBXFileReference; fileEncoding = 4; lastKnownFileType = sourcecode.c.h; path = "UIImageView+WebCache.h"; sourceTree = "<group>"; };
		83981A701C37F02A0053B102 /* UIImageView+WebCache.m */ = {isa = PBXFileReference; fileEncoding = 4; lastKnownFileType = sourcecode.c.objc; path = "UIImageView+WebCache.m"; sourceTree = "<group>"; };
		83981A711C37F02A0053B102 /* UIView+WebCacheOperation.h */ = {isa = PBXFileReference; fileEncoding = 4; lastKnownFileType = sourcecode.c.h; path = "UIView+WebCacheOperation.h"; sourceTree = "<group>"; };
		83981A721C37F02A0053B102 /* UIView+WebCacheOperation.m */ = {isa = PBXFileReference; fileEncoding = 4; lastKnownFileType = sourcecode.c.objc; path = "UIView+WebCacheOperation.m"; sourceTree = "<group>"; };
		83981A961C38167D0053B102 /* BookAction.h */ = {isa = PBXFileReference; fileEncoding = 4; lastKnownFileType = sourcecode.c.h; path = BookAction.h; sourceTree = "<group>"; };
		83981A971C38167D0053B102 /* BookAction.m */ = {isa = PBXFileReference; fileEncoding = 4; lastKnownFileType = sourcecode.c.objc; path = BookAction.m; sourceTree = "<group>"; };
		83A0DD911C37707F00F7C663 /* NSMutableDictionary+XSDic.h */ = {isa = PBXFileReference; fileEncoding = 4; lastKnownFileType = sourcecode.c.h; path = "NSMutableDictionary+XSDic.h"; sourceTree = "<group>"; };
		83A0DD921C37707F00F7C663 /* NSMutableDictionary+XSDic.m */ = {isa = PBXFileReference; fileEncoding = 4; lastKnownFileType = sourcecode.c.objc; path = "NSMutableDictionary+XSDic.m"; sourceTree = "<group>"; };
		83A0DD941C37707F00F7C663 /* NSObject+BMNotification.h */ = {isa = PBXFileReference; fileEncoding = 4; lastKnownFileType = sourcecode.c.h; path = "NSObject+BMNotification.h"; sourceTree = "<group>"; };
		83A0DD951C37707F00F7C663 /* NSObject+BMNotification.m */ = {isa = PBXFileReference; fileEncoding = 4; lastKnownFileType = sourcecode.c.objc; path = "NSObject+BMNotification.m"; sourceTree = "<group>"; };
		83A0DD961C37707F00F7C663 /* NSObject+BMProperty.h */ = {isa = PBXFileReference; fileEncoding = 4; lastKnownFileType = sourcecode.c.h; path = "NSObject+BMProperty.h"; sourceTree = "<group>"; };
		83A0DD971C37707F00F7C663 /* NSObject+BMProperty.m */ = {isa = PBXFileReference; fileEncoding = 4; lastKnownFileType = sourcecode.c.objc; path = "NSObject+BMProperty.m"; sourceTree = "<group>"; };
		83A0DD991C37707F00F7C663 /* BMCmdDefine.h */ = {isa = PBXFileReference; fileEncoding = 4; lastKnownFileType = sourcecode.c.h; path = BMCmdDefine.h; sourceTree = "<group>"; };
		83A0DD9A1C37707F00F7C663 /* BMDefine.h */ = {isa = PBXFileReference; fileEncoding = 4; lastKnownFileType = sourcecode.c.h; path = BMDefine.h; sourceTree = "<group>"; };
		83A0DD9C1C37707F00F7C663 /* NSObjectHead.h */ = {isa = PBXFileReference; fileEncoding = 4; lastKnownFileType = sourcecode.c.h; path = NSObjectHead.h; sourceTree = "<group>"; };
		83A0DD9E1C37707F00F7C663 /* BMBaseParam.h */ = {isa = PBXFileReference; fileEncoding = 4; lastKnownFileType = sourcecode.c.h; path = BMBaseParam.h; sourceTree = "<group>"; };
		83A0DD9F1C37707F00F7C663 /* BMBaseParam.m */ = {isa = PBXFileReference; fileEncoding = 4; lastKnownFileType = sourcecode.c.objc; path = BMBaseParam.m; sourceTree = "<group>"; };
		83A0DDA11C37707F00F7C663 /* BMActionManager.h */ = {isa = PBXFileReference; fileEncoding = 4; lastKnownFileType = sourcecode.c.h; path = BMActionManager.h; sourceTree = "<group>"; };
		83A0DDA21C37707F00F7C663 /* BMActionManager.m */ = {isa = PBXFileReference; fileEncoding = 4; lastKnownFileType = sourcecode.c.objc; path = BMActionManager.m; sourceTree = "<group>"; };
		83A0DDA31C37707F00F7C663 /* BMContext.h */ = {isa = PBXFileReference; fileEncoding = 4; lastKnownFileType = sourcecode.c.h; path = BMContext.h; sourceTree = "<group>"; };
		83A0DDA41C37707F00F7C663 /* BMContext.m */ = {isa = PBXFileReference; fileEncoding = 4; lastKnownFileType = sourcecode.c.objc; path = BMContext.m; sourceTree = "<group>"; };
		83A0DDA61C37707F00F7C663 /* BMAppManager.h */ = {isa = PBXFileReference; fileEncoding = 4; lastKnownFileType = sourcecode.c.h; path = BMAppManager.h; sourceTree = "<group>"; };
		83A0DDA71C37707F00F7C663 /* BMAppManager.m */ = {isa = PBXFileReference; fileEncoding = 4; lastKnownFileType = sourcecode.c.objc; path = BMAppManager.m; sourceTree = "<group>"; };
		83A0DDA81C37707F00F7C663 /* BMBaseAction.h */ = {isa = PBXFileReference; fileEncoding = 4; lastKnownFileType = sourcecode.c.h; path = BMBaseAction.h; sourceTree = "<group>"; };
		83A0DDA91C37707F00F7C663 /* BMBaseAction.m */ = {isa = PBXFileReference; fileEncoding = 4; lastKnownFileType = sourcecode.c.objc; path = BMBaseAction.m; sourceTree = "<group>"; };
		83A0DDAA1C37707F00F7C663 /* BMControl.h */ = {isa = PBXFileReference; fileEncoding = 4; lastKnownFileType = sourcecode.c.h; path = BMControl.h; sourceTree = "<group>"; };
		83A0DDAB1C37707F00F7C663 /* BMControl.m */ = {isa = PBXFileReference; fileEncoding = 4; lastKnownFileType = sourcecode.c.objc; path = BMControl.m; sourceTree = "<group>"; };
		83A0DDAD1C37707F00F7C663 /* BMUtilDefine.h */ = {isa = PBXFileReference; fileEncoding = 4; lastKnownFileType = sourcecode.c.h; path = BMUtilDefine.h; sourceTree = "<group>"; };
		83A0DDB91C377EDF00F7C663 /* ServiceInspector_Border.h */ = {isa = PBXFileReference; fileEncoding = 4; lastKnownFileType = sourcecode.c.h; path = ServiceInspector_Border.h; sourceTree = "<group>"; };
		83A0DDBA1C377EDF00F7C663 /* ServiceInspector_Border.m */ = {isa = PBXFileReference; fileEncoding = 4; lastKnownFileType = sourcecode.c.objc; path = ServiceInspector_Border.m; sourceTree = "<group>"; };
		83A0DDBB1C377EDF00F7C663 /* ServiceInspector_Indicator.h */ = {isa = PBXFileReference; fileEncoding = 4; lastKnownFileType = sourcecode.c.h; path = ServiceInspector_Indicator.h; sourceTree = "<group>"; };
		83A0DDBC1C377EDF00F7C663 /* ServiceInspector_Indicator.m */ = {isa = PBXFileReference; fileEncoding = 4; lastKnownFileType = sourcecode.c.objc; path = ServiceInspector_Indicator.m; sourceTree = "<group>"; };
		83A0DDBD1C377EDF00F7C663 /* ServiceInspector_WindowHook.h */ = {isa = PBXFileReference; fileEncoding = 4; lastKnownFileType = sourcecode.c.h; path = ServiceInspector_WindowHook.h; sourceTree = "<group>"; };
		83A0DDBE1C377EDF00F7C663 /* ServiceInspector_WindowHook.m */ = {isa = PBXFileReference; fileEncoding = 4; lastKnownFileType = sourcecode.c.objc; path = ServiceInspector_WindowHook.m; sourceTree = "<group>"; };
/* End PBXFileReference section */

/* Begin PBXFrameworksBuildPhase section */
		834D7FFB1C36AC21003A5366 /* Frameworks */ = {
			isa = PBXFrameworksBuildPhase;
			buildActionMask = 2147483647;
			files = (
			);
			runOnlyForDeploymentPostprocessing = 0;
		};
/* End PBXFrameworksBuildPhase section */

/* Begin PBXGroup section */
		18151BB01C428A8C003279EA /* cell */ = {
			isa = PBXGroup;
			children = (
				18151BB11C428AD9003279EA /* BookCell.h */,
				18151BB21C428AD9003279EA /* BookCell.m */,
				18151BB31C428AD9003279EA /* BookCell.xib */,
			);
			path = cell;
			sourceTree = "<group>";
		};
		183A04C91C3A083300DE7CDA /* engine */ = {
			isa = PBXGroup;
			children = (
				18C0FD3B1C3C005E002A7D45 /* DuanTianSessionManager.h */,
				18C0FD3C1C3C005E002A7D45 /* DuanTianSessionManager.m */,
				183A04CA1C3A09C400DE7CDA /* DuanTianEngine.h */,
				183A04CB1C3A09C400DE7CDA /* DuanTianEngine.m */,
				183A04CD1C3A0A0200DE7CDA /* BookEngine.h */,
				183A04CE1C3A0A0200DE7CDA /* BookEngine.m */,
				18019BDC1C3B5D9700F6F679 /* EngineManager.h */,
				18019BDD1C3B5D9700F6F679 /* EngineManager.m */,
				18C0FD3E1C3C0537002A7D45 /* XiaoShuo7788Engine.h */,
				18C0FD3F1C3C0537002A7D45 /* XiaoShuo7788Engine.m */,
				18C0FD411C3C062C002A7D45 /* XiaoShuo7788SessionManager.h */,
				18C0FD421C3C062C002A7D45 /* XiaoShuo7788SessionManager.m */,
			);
			path = engine;
			sourceTree = "<group>";
		};
		185B39BB1C438F130059FDC8 /* SVPullToRefresh */ = {
			isa = PBXGroup;
			children = (
				185B39BC1C438F130059FDC8 /* SVPullToRefresh.h */,
				185B39BD1C438F130059FDC8 /* UIScrollView+SVInfiniteScrolling.h */,
				185B39BE1C438F130059FDC8 /* UIScrollView+SVInfiniteScrolling.m */,
				185B39BF1C438F130059FDC8 /* UIScrollView+SVPullToRefresh.h */,
				185B39C01C438F130059FDC8 /* UIScrollView+SVPullToRefresh.m */,
			);
			path = SVPullToRefresh;
			sourceTree = "<group>";
		};
		18C0FD441C3C0A80002A7D45 /* model */ = {
			isa = PBXGroup;
			children = (
				18DEABD31C3E13C600739E7F /* BookModel.h */,
				18DEABD41C3E13C600739E7F /* BookModel.m */,
				186A956D1C43E15400CFB982 /* BookCityConfig.h */,
				186A956E1C43E15400CFB982 /* BookCityConfig.m */,
				1822055F1C44CA5B005A47E2 /* DataManager.h */,
				182205601C44CA5B005A47E2 /* DataManager.m */,
				182205621C44CB08005A47E2 /* BookCategoryModel.h */,
				182205631C44CB08005A47E2 /* BookCategoryModel.m */,
			);
			path = model;
			sourceTree = "<group>";
		};
		18C0FD451C3C0A80002A7D45 /* view */ = {
			isa = PBXGroup;
			children = (
				18151BB01C428A8C003279EA /* cell */,
				18C0FD461C3C0A98002A7D45 /* SearchTableViewController.h */,
				18C0FD471C3C0A98002A7D45 /* SearchTableViewController.m */,
				18367D121C453CEE002D3469 /* CategoryBooksViewController.h */,
				18367D131C453CEE002D3469 /* CategoryBooksViewController.m */,
			);
			path = view;
			sourceTree = "<group>";
		};
		834D7FF51C36AC21003A5366 = {
			isa = PBXGroup;
			children = (
				834D80001C36AC21003A5366 /* BookCity */,
				834D7FFF1C36AC21003A5366 /* Products */,
			);
			sourceTree = "<group>";
		};
		834D7FFF1C36AC21003A5366 /* Products */ = {
			isa = PBXGroup;
			children = (
				834D7FFE1C36AC21003A5366 /* BookCity.app */,
			);
			name = Products;
			sourceTree = "<group>";
		};
		834D80001C36AC21003A5366 /* BookCity */ = {
			isa = PBXGroup;
			children = (
				18C0FD441C3C0A80002A7D45 /* model */,
				18C0FD451C3C0A80002A7D45 /* view */,
				183A04C91C3A083300DE7CDA /* engine */,
				83981A291C37F02A0053B102 /* vender */,
				83981A951C37F05A0053B102 /* action */,
				83A0DD8E1C37707F00F7C663 /* BMFramework */,
				834D80041C36AC21003A5366 /* AppDelegate.h */,
				834D80051C36AC21003A5366 /* AppDelegate.m */,
				834D800A1C36AC21003A5366 /* Main.storyboard */,
				834D800D1C36AC21003A5366 /* Assets.xcassets */,
				834D800F1C36AC21003A5366 /* LaunchScreen.storyboard */,
				834D80121C36AC21003A5366 /* Info.plist */,
				834D80011C36AC21003A5366 /* Supporting Files */,
				834D804F1C36AE94003A5366 /* MainTableViewController.h */,
				834D80501C36AE94003A5366 /* MainTableViewController.m */,
				18C0FD3A1C3BFCBD002A7D45 /* DefineHeader.h */,
				18C0FD391C3BFC60002A7D45 /* PrefixHeader.pch */,
				186A956B1C43DFC400CFB982 /* bookCityConfig.plist */,
			);
			path = BookCity;
			sourceTree = "<group>";
		};
		834D80011C36AC21003A5366 /* Supporting Files */ = {
			isa = PBXGroup;
			children = (
				834D80021C36AC21003A5366 /* main.m */,
			);
			name = "Supporting Files";
			sourceTree = "<group>";
		};
		83981A131C37CFB00053B102 /* View */ = {
			isa = PBXGroup;
			children = (
				83981A141C37CFB00053B102 /* app */,
				83981A171C37CFB00053B102 /* BMBaseTabBarController.h */,
				83981A181C37CFB00053B102 /* BMBaseTabBarController.m */,
				83981A191C37CFB00053B102 /* BMBaseTableViewCell.h */,
				83981A1A1C37CFB00053B102 /* BMBaseTableViewCell.m */,
				83981A1B1C37CFB00053B102 /* BMBaseTableViewController.h */,
				83981A1C1C37CFB00053B102 /* BMBaseTableViewController.m */,
				83981A1D1C37CFB00053B102 /* BMBaseView.h */,
				83981A1E1C37CFB00053B102 /* BMBaseView.m */,
				83981A1F1C37CFB00053B102 /* BMBaseViewController.h */,
				83981A201C37CFB00053B102 /* BMBaseViewController.m */,
			);
			path = View;
			sourceTree = "<group>";
		};
		83981A141C37CFB00053B102 /* app */ = {
			isa = PBXGroup;
			children = (
				83981A151C37CFB00053B102 /* BMUIApplication.h */,
				83981A161C37CFB00053B102 /* BMUIApplication.m */,
			);
			path = app;
			sourceTree = "<group>";
		};
		83981A291C37F02A0053B102 /* vender */ = {
			isa = PBXGroup;
			children = (
				185B39BB1C438F130059FDC8 /* SVPullToRefresh */,
				83981A2A1C37F02A0053B102 /* AFNetworking */,
				83981A501C37F02A0053B102 /* MBProgressHUD */,
				83981A551C37F02A0053B102 /* SDWebImage */,
			);
			path = vender;
			sourceTree = "<group>";
		};
		83981A2A1C37F02A0053B102 /* AFNetworking */ = {
			isa = PBXGroup;
			children = (
				83981A2B1C37F02A0053B102 /* AFNetworking */,
				83981A391C37F02A0053B102 /* LICENSE */,
				83981A3A1C37F02A0053B102 /* README.md */,
				83981A3B1C37F02A0053B102 /* UIKit+AFNetworking */,
			);
			path = AFNetworking;
			sourceTree = "<group>";
		};
		83981A2B1C37F02A0053B102 /* AFNetworking */ = {
			isa = PBXGroup;
			children = (
				83981A2C1C37F02A0053B102 /* AFHTTPSessionManager.h */,
				83981A2D1C37F02A0053B102 /* AFHTTPSessionManager.m */,
				83981A2E1C37F02A0053B102 /* AFNetworking.h */,
				83981A2F1C37F02A0053B102 /* AFNetworkReachabilityManager.h */,
				83981A301C37F02A0053B102 /* AFNetworkReachabilityManager.m */,
				83981A311C37F02A0053B102 /* AFSecurityPolicy.h */,
				83981A321C37F02A0053B102 /* AFSecurityPolicy.m */,
				83981A331C37F02A0053B102 /* AFURLRequestSerialization.h */,
				83981A341C37F02A0053B102 /* AFURLRequestSerialization.m */,
				83981A351C37F02A0053B102 /* AFURLResponseSerialization.h */,
				83981A361C37F02A0053B102 /* AFURLResponseSerialization.m */,
				83981A371C37F02A0053B102 /* AFURLSessionManager.h */,
				83981A381C37F02A0053B102 /* AFURLSessionManager.m */,
			);
			path = AFNetworking;
			sourceTree = "<group>";
		};
		83981A3B1C37F02A0053B102 /* UIKit+AFNetworking */ = {
			isa = PBXGroup;
			children = (
				83981A3C1C37F02A0053B102 /* AFAutoPurgingImageCache.h */,
				83981A3D1C37F02A0053B102 /* AFAutoPurgingImageCache.m */,
				83981A3E1C37F02A0053B102 /* AFImageDownloader.h */,
				83981A3F1C37F02A0053B102 /* AFImageDownloader.m */,
				83981A401C37F02A0053B102 /* AFNetworkActivityIndicatorManager.h */,
				83981A411C37F02A0053B102 /* AFNetworkActivityIndicatorManager.m */,
				83981A421C37F02A0053B102 /* UIActivityIndicatorView+AFNetworking.h */,
				83981A431C37F02A0053B102 /* UIActivityIndicatorView+AFNetworking.m */,
				83981A441C37F02A0053B102 /* UIButton+AFNetworking.h */,
				83981A451C37F02A0053B102 /* UIButton+AFNetworking.m */,
				83981A461C37F02A0053B102 /* UIImage+AFNetworking.h */,
				83981A471C37F02A0053B102 /* UIImageView+AFNetworking.h */,
				83981A481C37F02A0053B102 /* UIImageView+AFNetworking.m */,
				83981A491C37F02A0053B102 /* UIKit+AFNetworking.h */,
				83981A4A1C37F02A0053B102 /* UIProgressView+AFNetworking.h */,
				83981A4B1C37F02A0053B102 /* UIProgressView+AFNetworking.m */,
				83981A4C1C37F02A0053B102 /* UIRefreshControl+AFNetworking.h */,
				83981A4D1C37F02A0053B102 /* UIRefreshControl+AFNetworking.m */,
				83981A4E1C37F02A0053B102 /* UIWebView+AFNetworking.h */,
				83981A4F1C37F02A0053B102 /* UIWebView+AFNetworking.m */,
			);
			path = "UIKit+AFNetworking";
			sourceTree = "<group>";
		};
		83981A501C37F02A0053B102 /* MBProgressHUD */ = {
			isa = PBXGroup;
			children = (
				83981A511C37F02A0053B102 /* LICENSE */,
				83981A521C37F02A0053B102 /* MBProgressHUD.h */,
				83981A531C37F02A0053B102 /* MBProgressHUD.m */,
				83981A541C37F02A0053B102 /* README.mdown */,
			);
			path = MBProgressHUD;
			sourceTree = "<group>";
		};
		83981A551C37F02A0053B102 /* SDWebImage */ = {
			isa = PBXGroup;
			children = (
				83981A561C37F02A0053B102 /* NSData+ImageContentType.h */,
				83981A571C37F02A0053B102 /* NSData+ImageContentType.m */,
				83981A581C37F02A0053B102 /* SDImageCache.h */,
				83981A591C37F02A0053B102 /* SDImageCache.m */,
				83981A5A1C37F02A0053B102 /* SDWebImageCompat.h */,
				83981A5B1C37F02A0053B102 /* SDWebImageCompat.m */,
				83981A5C1C37F02A0053B102 /* SDWebImageDecoder.h */,
				83981A5D1C37F02A0053B102 /* SDWebImageDecoder.m */,
				83981A5E1C37F02A0053B102 /* SDWebImageDownloader.h */,
				83981A5F1C37F02A0053B102 /* SDWebImageDownloader.m */,
				83981A601C37F02A0053B102 /* SDWebImageDownloaderOperation.h */,
				83981A611C37F02A0053B102 /* SDWebImageDownloaderOperation.m */,
				83981A621C37F02A0053B102 /* SDWebImageManager.h */,
				83981A631C37F02A0053B102 /* SDWebImageManager.m */,
				83981A641C37F02A0053B102 /* SDWebImageOperation.h */,
				83981A651C37F02A0053B102 /* SDWebImagePrefetcher.h */,
				83981A661C37F02A0053B102 /* SDWebImagePrefetcher.m */,
				83981A671C37F02A0053B102 /* UIButton+WebCache.h */,
				83981A681C37F02A0053B102 /* UIButton+WebCache.m */,
				83981A691C37F02A0053B102 /* UIImage+GIF.h */,
				83981A6A1C37F02A0053B102 /* UIImage+GIF.m */,
				83981A6B1C37F02A0053B102 /* UIImage+MultiFormat.h */,
				83981A6C1C37F02A0053B102 /* UIImage+MultiFormat.m */,
				83981A6D1C37F02A0053B102 /* UIImageView+HighlightedWebCache.h */,
				83981A6E1C37F02A0053B102 /* UIImageView+HighlightedWebCache.m */,
				83981A6F1C37F02A0053B102 /* UIImageView+WebCache.h */,
				83981A701C37F02A0053B102 /* UIImageView+WebCache.m */,
				83981A711C37F02A0053B102 /* UIView+WebCacheOperation.h */,
				83981A721C37F02A0053B102 /* UIView+WebCacheOperation.m */,
			);
			path = SDWebImage;
			sourceTree = "<group>";
		};
		83981A951C37F05A0053B102 /* action */ = {
			isa = PBXGroup;
			children = (
				83981A961C38167D0053B102 /* BookAction.h */,
				83981A971C38167D0053B102 /* BookAction.m */,
				18C0FD361C3BFADC002A7D45 /* BMActionManager+BookCity.h */,
				18C0FD371C3BFADC002A7D45 /* BMActionManager+BookCity.m */,
			);
			path = action;
			sourceTree = "<group>";
		};
		83A0DD8E1C37707F00F7C663 /* BMFramework */ = {
			isa = PBXGroup;
			children = (
				83981A121C37CF0D0053B102 /* BMFramework.h */,
				83981A131C37CFB00053B102 /* View */,
				83A0DDB71C377EDF00F7C663 /* Services */,
				83A0DD8F1C37707F00F7C663 /* Common */,
				83A0DDA01C37707F00F7C663 /* Context */,
				83A0DDA51C37707F00F7C663 /* Controller */,
				83A0DDAC1C37707F00F7C663 /* UtilDefine */,
			);
			path = BMFramework;
			sourceTree = "<group>";
		};
		83A0DD8F1C37707F00F7C663 /* Common */ = {
			isa = PBXGroup;
			children = (
				83A0DD901C37707F00F7C663 /* Categories */,
				83A0DD981C37707F00F7C663 /* Define */,
				83A0DD9B1C37707F00F7C663 /* Head */,
				83A0DD9D1C37707F00F7C663 /* Param */,
			);
			path = Common;
			sourceTree = "<group>";
		};
		83A0DD901C37707F00F7C663 /* Categories */ = {
			isa = PBXGroup;
			children = (
				83A0DD911C37707F00F7C663 /* NSMutableDictionary+XSDic.h */,
				83A0DD921C37707F00F7C663 /* NSMutableDictionary+XSDic.m */,
				83A0DD931C37707F00F7C663 /* NSObject */,
				18B2C61C1C3D516A00506A84 /* NSString+OAURLEncodingAdditions.h */,
				18B2C61D1C3D516A00506A84 /* NSString+OAURLEncodingAdditions.m */,
			);
			path = Categories;
			sourceTree = "<group>";
		};
		83A0DD931C37707F00F7C663 /* NSObject */ = {
			isa = PBXGroup;
			children = (
				83A0DD941C37707F00F7C663 /* NSObject+BMNotification.h */,
				83A0DD951C37707F00F7C663 /* NSObject+BMNotification.m */,
				83A0DD961C37707F00F7C663 /* NSObject+BMProperty.h */,
				83A0DD971C37707F00F7C663 /* NSObject+BMProperty.m */,
			);
			path = NSObject;
			sourceTree = "<group>";
		};
		83A0DD981C37707F00F7C663 /* Define */ = {
			isa = PBXGroup;
			children = (
				83A0DD991C37707F00F7C663 /* BMCmdDefine.h */,
				83A0DD9A1C37707F00F7C663 /* BMDefine.h */,
			);
			path = Define;
			sourceTree = "<group>";
		};
		83A0DD9B1C37707F00F7C663 /* Head */ = {
			isa = PBXGroup;
			children = (
				83A0DD9C1C37707F00F7C663 /* NSObjectHead.h */,
			);
			path = Head;
			sourceTree = "<group>";
		};
		83A0DD9D1C37707F00F7C663 /* Param */ = {
			isa = PBXGroup;
			children = (
				83A0DD9E1C37707F00F7C663 /* BMBaseParam.h */,
				83A0DD9F1C37707F00F7C663 /* BMBaseParam.m */,
			);
			path = Param;
			sourceTree = "<group>";
		};
		83A0DDA01C37707F00F7C663 /* Context */ = {
			isa = PBXGroup;
			children = (
				83A0DDA11C37707F00F7C663 /* BMActionManager.h */,
				83A0DDA21C37707F00F7C663 /* BMActionManager.m */,
				83A0DDA31C37707F00F7C663 /* BMContext.h */,
				83A0DDA41C37707F00F7C663 /* BMContext.m */,
			);
			path = Context;
			sourceTree = "<group>";
		};
		83A0DDA51C37707F00F7C663 /* Controller */ = {
			isa = PBXGroup;
			children = (
				83A0DDA61C37707F00F7C663 /* BMAppManager.h */,
				83A0DDA71C37707F00F7C663 /* BMAppManager.m */,
				83A0DDA81C37707F00F7C663 /* BMBaseAction.h */,
				83A0DDA91C37707F00F7C663 /* BMBaseAction.m */,
				83A0DDAA1C37707F00F7C663 /* BMControl.h */,
				83A0DDAB1C37707F00F7C663 /* BMControl.m */,
			);
			path = Controller;
			sourceTree = "<group>";
		};
		83A0DDAC1C37707F00F7C663 /* UtilDefine */ = {
			isa = PBXGroup;
			children = (
				83A0DDAD1C37707F00F7C663 /* BMUtilDefine.h */,
			);
			path = UtilDefine;
			sourceTree = "<group>";
		};
		83A0DDB71C377EDF00F7C663 /* Services */ = {
			isa = PBXGroup;
			children = (
				83A0DDB81C377EDF00F7C663 /* ServicesInspector */,
			);
			path = Services;
			sourceTree = "<group>";
		};
		83A0DDB81C377EDF00F7C663 /* ServicesInspector */ = {
			isa = PBXGroup;
			children = (
				83A0DDB91C377EDF00F7C663 /* ServiceInspector_Border.h */,
				83A0DDBA1C377EDF00F7C663 /* ServiceInspector_Border.m */,
				83A0DDBB1C377EDF00F7C663 /* ServiceInspector_Indicator.h */,
				83A0DDBC1C377EDF00F7C663 /* ServiceInspector_Indicator.m */,
				83A0DDBD1C377EDF00F7C663 /* ServiceInspector_WindowHook.h */,
				83A0DDBE1C377EDF00F7C663 /* ServiceInspector_WindowHook.m */,
			);
			path = ServicesInspector;
			sourceTree = "<group>";
		};
/* End PBXGroup section */

/* Begin PBXNativeTarget section */
		834D7FFD1C36AC21003A5366 /* BookCity */ = {
			isa = PBXNativeTarget;
			buildConfigurationList = 834D80151C36AC21003A5366 /* Build configuration list for PBXNativeTarget "BookCity" */;
			buildPhases = (
				834D7FFA1C36AC21003A5366 /* Sources */,
				834D7FFB1C36AC21003A5366 /* Frameworks */,
				834D7FFC1C36AC21003A5366 /* Resources */,
			);
			buildRules = (
			);
			dependencies = (
			);
			name = BookCity;
			productName = BookCity;
			productReference = 834D7FFE1C36AC21003A5366 /* BookCity.app */;
			productType = "com.apple.product-type.application";
		};
/* End PBXNativeTarget section */

/* Begin PBXProject section */
		834D7FF61C36AC21003A5366 /* Project object */ = {
			isa = PBXProject;
			attributes = {
				LastUpgradeCheck = 0700;
				ORGANIZATIONNAME = FS;
				TargetAttributes = {
					834D7FFD1C36AC21003A5366 = {
						CreatedOnToolsVersion = 7.0;
					};
				};
			};
			buildConfigurationList = 834D7FF91C36AC21003A5366 /* Build configuration list for PBXProject "BookCity" */;
			compatibilityVersion = "Xcode 3.2";
			developmentRegion = English;
			hasScannedForEncodings = 0;
			knownRegions = (
				en,
				Base,
			);
			mainGroup = 834D7FF51C36AC21003A5366;
			productRefGroup = 834D7FFF1C36AC21003A5366 /* Products */;
			projectDirPath = "";
			projectRoot = "";
			targets = (
				834D7FFD1C36AC21003A5366 /* BookCity */,
			);
		};
/* End PBXProject section */

/* Begin PBXResourcesBuildPhase section */
		834D7FFC1C36AC21003A5366 /* Resources */ = {
			isa = PBXResourcesBuildPhase;
			buildActionMask = 2147483647;
			files = (
				834D80111C36AC21003A5366 /* LaunchScreen.storyboard in Resources */,
				834D800E1C36AC21003A5366 /* Assets.xcassets in Resources */,
				18151BB51C428AD9003279EA /* BookCell.xib in Resources */,
				83981A791C37F02A0053B102 /* LICENSE in Resources */,
				834D800C1C36AC21003A5366 /* Main.storyboard in Resources */,
				186A956C1C43DFC400CFB982 /* bookCityConfig.plist in Resources */,
				83981A841C37F02A0053B102 /* LICENSE in Resources */,
			);
			runOnlyForDeploymentPostprocessing = 0;
		};
/* End PBXResourcesBuildPhase section */

/* Begin PBXSourcesBuildPhase section */
		834D7FFA1C36AC21003A5366 /* Sources */ = {
			isa = PBXSourcesBuildPhase;
			buildActionMask = 2147483647;
			files = (
				83981A921C37F02A0053B102 /* UIImageView+HighlightedWebCache.m in Sources */,
				83981A861C37F02A0053B102 /* README.mdown in Sources */,
				834D80061C36AC21003A5366 /* AppDelegate.m in Sources */,
				83981A801C37F02A0053B102 /* UIImageView+AFNetworking.m in Sources */,
				83981A211C37CFB00053B102 /* BMUIApplication.m in Sources */,
				834D80511C36AE94003A5366 /* MainTableViewController.m in Sources */,
				182205641C44CB08005A47E2 /* BookCategoryModel.m in Sources */,
				83981A901C37F02A0053B102 /* UIImage+GIF.m in Sources */,
				83A0DDB01C37707F00F7C663 /* NSObject+BMProperty.m in Sources */,
				83981A8C1C37F02A0053B102 /* SDWebImageDownloaderOperation.m in Sources */,
				18019BDE1C3B5D9700F6F679 /* EngineManager.m in Sources */,
				83981A751C37F02A0053B102 /* AFSecurityPolicy.m in Sources */,
				83981A7F1C37F02A0053B102 /* UIButton+AFNetworking.m in Sources */,
				18C0FD431C3C062C002A7D45 /* XiaoShuo7788SessionManager.m in Sources */,
				83981A851C37F02A0053B102 /* MBProgressHUD.m in Sources */,
				185B39C11C438F130059FDC8 /* UIScrollView+SVInfiniteScrolling.m in Sources */,
				834D80031C36AC21003A5366 /* main.m in Sources */,
				83981A871C37F02A0053B102 /* NSData+ImageContentType.m in Sources */,
				186A956F1C43E15400CFB982 /* BookCityConfig.m in Sources */,
				83981A931C37F02A0053B102 /* UIImageView+WebCache.m in Sources */,
				18C0FD481C3C0A98002A7D45 /* SearchTableViewController.m in Sources */,
				83981A731C37F02A0053B102 /* AFHTTPSessionManager.m in Sources */,
				83A0DDBF1C377EDF00F7C663 /* ServiceInspector_Border.m in Sources */,
				18C0FD381C3BFADC002A7D45 /* BMActionManager+BookCity.m in Sources */,
				83A0DDB51C37707F00F7C663 /* BMBaseAction.m in Sources */,
				83A0DDC11C377EDF00F7C663 /* ServiceInspector_WindowHook.m in Sources */,
				18151BB41C428AD9003279EA /* BookCell.m in Sources */,
				83981A7A1C37F02A0053B102 /* README.md in Sources */,
				83981A7D1C37F02A0053B102 /* AFNetworkActivityIndicatorManager.m in Sources */,
				83981A821C37F02A0053B102 /* UIRefreshControl+AFNetworking.m in Sources */,
				83981A811C37F02A0053B102 /* UIProgressView+AFNetworking.m in Sources */,
				83981A891C37F02A0053B102 /* SDWebImageCompat.m in Sources */,
				83981A911C37F02A0053B102 /* UIImage+MultiFormat.m in Sources */,
				83A0DDAE1C37707F00F7C663 /* NSMutableDictionary+XSDic.m in Sources */,
				83981A251C37CFB00053B102 /* BMBaseView.m in Sources */,
				182205611C44CA5B005A47E2 /* DataManager.m in Sources */,
				83981A8D1C37F02A0053B102 /* SDWebImageManager.m in Sources */,
				83981A881C37F02A0053B102 /* SDImageCache.m in Sources */,
				83A0DDB41C37707F00F7C663 /* BMAppManager.m in Sources */,
				18DEABD51C3E13C600739E7F /* BookModel.m in Sources */,
				83981A8E1C37F02A0053B102 /* SDWebImagePrefetcher.m in Sources */,
				18367D141C453CEE002D3469 /* CategoryBooksViewController.m in Sources */,
				18C0FD3D1C3C005E002A7D45 /* DuanTianSessionManager.m in Sources */,
				185B39C21C438F130059FDC8 /* UIScrollView+SVPullToRefresh.m in Sources */,
				83981A261C37CFB00053B102 /* BMBaseViewController.m in Sources */,
				83A0DDC01C377EDF00F7C663 /* ServiceInspector_Indicator.m in Sources */,
				83A0DDB61C37707F00F7C663 /* BMControl.m in Sources */,
				183A04CC1C3A09C400DE7CDA /* DuanTianEngine.m in Sources */,
				83981A7C1C37F02A0053B102 /* AFImageDownloader.m in Sources */,
				83981A831C37F02A0053B102 /* UIWebView+AFNetworking.m in Sources */,
				83A0DDB11C37707F00F7C663 /* BMBaseParam.m in Sources */,
				83981A8A1C37F02A0053B102 /* SDWebImageDecoder.m in Sources */,
				83981A761C37F02A0053B102 /* AFURLRequestSerialization.m in Sources */,
				83981A781C37F02A0053B102 /* AFURLSessionManager.m in Sources */,
				83981A7B1C37F02A0053B102 /* AFAutoPurgingImageCache.m in Sources */,
				83981A8F1C37F02A0053B102 /* UIButton+WebCache.m in Sources */,
				83981A771C37F02A0053B102 /* AFURLResponseSerialization.m in Sources */,
				83981A941C37F02A0053B102 /* UIView+WebCacheOperation.m in Sources */,
				83981A741C37F02A0053B102 /* AFNetworkReachabilityManager.m in Sources */,
				83981A8B1C37F02A0053B102 /* SDWebImageDownloader.m in Sources */,
				83981A981C38167D0053B102 /* BookAction.m in Sources */,
				83A0DDB31C37707F00F7C663 /* BMContext.m in Sources */,
				83981A241C37CFB00053B102 /* BMBaseTableViewController.m in Sources */,
				83981A221C37CFB00053B102 /* BMBaseTabBarController.m in Sources */,
				83A0DDAF1C37707F00F7C663 /* NSObject+BMNotification.m in Sources */,
				83A0DDB21C37707F00F7C663 /* BMActionManager.m in Sources */,
				18B2C61E1C3D516A00506A84 /* NSString+OAURLEncodingAdditions.m in Sources */,
				183A04CF1C3A0A0200DE7CDA /* BookEngine.m in Sources */,
				83981A7E1C37F02A0053B102 /* UIActivityIndicatorView+AFNetworking.m in Sources */,
				83981A231C37CFB00053B102 /* BMBaseTableViewCell.m in Sources */,
				18C0FD401C3C0537002A7D45 /* XiaoShuo7788Engine.m in Sources */,
			);
			runOnlyForDeploymentPostprocessing = 0;
		};
/* End PBXSourcesBuildPhase section */

/* Begin PBXVariantGroup section */
		834D800A1C36AC21003A5366 /* Main.storyboard */ = {
			isa = PBXVariantGroup;
			children = (
				834D800B1C36AC21003A5366 /* Base */,
			);
			name = Main.storyboard;
			sourceTree = "<group>";
		};
		834D800F1C36AC21003A5366 /* LaunchScreen.storyboard */ = {
			isa = PBXVariantGroup;
			children = (
				834D80101C36AC21003A5366 /* Base */,
			);
			name = LaunchScreen.storyboard;
			sourceTree = "<group>";
		};
/* End PBXVariantGroup section */

/* Begin XCBuildConfiguration section */
		834D80131C36AC21003A5366 /* Debug */ = {
			isa = XCBuildConfiguration;
			buildSettings = {
				ALWAYS_SEARCH_USER_PATHS = NO;
				CLANG_CXX_LANGUAGE_STANDARD = "gnu++0x";
				CLANG_CXX_LIBRARY = "libc++";
				CLANG_ENABLE_MODULES = YES;
				CLANG_ENABLE_OBJC_ARC = YES;
				CLANG_WARN_BOOL_CONVERSION = YES;
				CLANG_WARN_CONSTANT_CONVERSION = YES;
				CLANG_WARN_DIRECT_OBJC_ISA_USAGE = YES_ERROR;
				CLANG_WARN_EMPTY_BODY = YES;
				CLANG_WARN_ENUM_CONVERSION = YES;
				CLANG_WARN_INT_CONVERSION = YES;
				CLANG_WARN_OBJC_ROOT_CLASS = YES_ERROR;
				CLANG_WARN_UNREACHABLE_CODE = YES;
				CLANG_WARN__DUPLICATE_METHOD_MATCH = YES;
				"CODE_SIGN_IDENTITY[sdk=iphoneos*]" = "iPhone Developer";
				COPY_PHASE_STRIP = NO;
				DEBUG_INFORMATION_FORMAT = dwarf;
				ENABLE_STRICT_OBJC_MSGSEND = YES;
				ENABLE_TESTABILITY = YES;
				GCC_C_LANGUAGE_STANDARD = gnu99;
				GCC_DYNAMIC_NO_PIC = NO;
				GCC_NO_COMMON_BLOCKS = YES;
				GCC_OPTIMIZATION_LEVEL = 0;
				GCC_PREPROCESSOR_DEFINITIONS = (
					"DEBUG=1",
					"$(inherited)",
				);
				GCC_WARN_64_TO_32_BIT_CONVERSION = YES;
				GCC_WARN_ABOUT_RETURN_TYPE = YES_ERROR;
				GCC_WARN_UNDECLARED_SELECTOR = YES;
				GCC_WARN_UNINITIALIZED_AUTOS = YES_AGGRESSIVE;
				GCC_WARN_UNUSED_FUNCTION = YES;
				GCC_WARN_UNUSED_VARIABLE = YES;
				IPHONEOS_DEPLOYMENT_TARGET = 9.0;
				MTL_ENABLE_DEBUG_INFO = YES;
				ONLY_ACTIVE_ARCH = YES;
				SDKROOT = iphoneos;
				TARGETED_DEVICE_FAMILY = "1,2";
			};
			name = Debug;
		};
		834D80141C36AC21003A5366 /* Release */ = {
			isa = XCBuildConfiguration;
			buildSettings = {
				ALWAYS_SEARCH_USER_PATHS = NO;
				CLANG_CXX_LANGUAGE_STANDARD = "gnu++0x";
				CLANG_CXX_LIBRARY = "libc++";
				CLANG_ENABLE_MODULES = YES;
				CLANG_ENABLE_OBJC_ARC = YES;
				CLANG_WARN_BOOL_CONVERSION = YES;
				CLANG_WARN_CONSTANT_CONVERSION = YES;
				CLANG_WARN_DIRECT_OBJC_ISA_USAGE = YES_ERROR;
				CLANG_WARN_EMPTY_BODY = YES;
				CLANG_WARN_ENUM_CONVERSION = YES;
				CLANG_WARN_INT_CONVERSION = YES;
				CLANG_WARN_OBJC_ROOT_CLASS = YES_ERROR;
				CLANG_WARN_UNREACHABLE_CODE = YES;
				CLANG_WARN__DUPLICATE_METHOD_MATCH = YES;
				"CODE_SIGN_IDENTITY[sdk=iphoneos*]" = "iPhone Developer";
				COPY_PHASE_STRIP = NO;
				DEBUG_INFORMATION_FORMAT = "dwarf-with-dsym";
				ENABLE_NS_ASSERTIONS = NO;
				ENABLE_STRICT_OBJC_MSGSEND = YES;
				GCC_C_LANGUAGE_STANDARD = gnu99;
				GCC_NO_COMMON_BLOCKS = YES;
				GCC_WARN_64_TO_32_BIT_CONVERSION = YES;
				GCC_WARN_ABOUT_RETURN_TYPE = YES_ERROR;
				GCC_WARN_UNDECLARED_SELECTOR = YES;
				GCC_WARN_UNINITIALIZED_AUTOS = YES_AGGRESSIVE;
				GCC_WARN_UNUSED_FUNCTION = YES;
				GCC_WARN_UNUSED_VARIABLE = YES;
				IPHONEOS_DEPLOYMENT_TARGET = 9.0;
				MTL_ENABLE_DEBUG_INFO = NO;
				SDKROOT = iphoneos;
				TARGETED_DEVICE_FAMILY = "1,2";
				VALIDATE_PRODUCT = YES;
			};
			name = Release;
		};
		834D80161C36AC21003A5366 /* Debug */ = {
			isa = XCBuildConfiguration;
			buildSettings = {
				ASSETCATALOG_COMPILER_APPICON_NAME = AppIcon;
				GCC_INCREASE_PRECOMPILED_HEADER_SHARING = NO;
				GCC_PREFIX_HEADER = BookCity/PrefixHeader.pch;
				INFOPLIST_FILE = BookCity/Info.plist;
				LD_RUNPATH_SEARCH_PATHS = "$(inherited) @executable_path/Frameworks";
				PRODUCT_BUNDLE_IDENTIFIER = com.fs.bookCity;
				PRODUCT_NAME = "$(TARGET_NAME)";
			};
			name = Debug;
		};
		834D80171C36AC21003A5366 /* Release */ = {
			isa = XCBuildConfiguration;
			buildSettings = {
				ASSETCATALOG_COMPILER_APPICON_NAME = AppIcon;
				GCC_INCREASE_PRECOMPILED_HEADER_SHARING = NO;
				GCC_PREFIX_HEADER = BookCity/PrefixHeader.pch;
				INFOPLIST_FILE = BookCity/Info.plist;
				LD_RUNPATH_SEARCH_PATHS = "$(inherited) @executable_path/Frameworks";
				PRODUCT_BUNDLE_IDENTIFIER = com.fs.bookCity;
				PRODUCT_NAME = "$(TARGET_NAME)";
			};
			name = Release;
		};
/* End XCBuildConfiguration section */

/* Begin XCConfigurationList section */
		834D7FF91C36AC21003A5366 /* Build configuration list for PBXProject "BookCity" */ = {
			isa = XCConfigurationList;
			buildConfigurations = (
				834D80131C36AC21003A5366 /* Debug */,
				834D80141C36AC21003A5366 /* Release */,
			);
			defaultConfigurationIsVisible = 0;
			defaultConfigurationName = Release;
		};
		834D80151C36AC21003A5366 /* Build configuration list for PBXNativeTarget "BookCity" */ = {
			isa = XCConfigurationList;
			buildConfigurations = (
				834D80161C36AC21003A5366 /* Debug */,
				834D80171C36AC21003A5366 /* Release */,
			);
			defaultConfigurationIsVisible = 0;
			defaultConfigurationName = Release;
		};
/* End XCConfigurationList section */
	};
	rootObject = 834D7FF61C36AC21003A5366 /* Project object */;
}
